
Microsoft Visual Studio Solution File, Format Version 12.00
# Visual Studio 15
VisualStudioVersion = 15.0.28010.2016
MinimumVisualStudioVersion = 10.0.40219.1
Project("{FAE04EC0-301F-11D3-BF4B-00C04F79EFBC}") = "CassandraNETRun", "CassandraNETRun\CassandraNETRun.csproj", "{9CAE2616-47E2-47F3-920E-2FFCBA749CA7}"
EndProject
Global
	GlobalSection(SolutionConfigurationPlatforms) = preSolution
		Debug|Any CPU = Debug|Any CPU
		Release|Any CPU = Release|Any CPU
	EndGlobalSection
	GlobalSection(ProjectConfigurationPlatforms) = postSolution
		{9CAE2616-47E2-47F3-920E-2FFCBA749CA7}.Debug|Any CPU.ActiveCfg = Debug|Any CPU
		{9CAE2616-47E2-47F3-920E-2FFCBA749CA7}.Debug|Any CPU.Build.0 = Debug|Any CPU
		{9CAE2616-47E2-47F3-920E-2FFCBA749CA7}.Release|Any CPU.ActiveCfg = Release|Any CPU
		{9CAE2616-47E2-47F3-920E-2FFCBA749CA7}.Release|Any CPU.Build.0 = Release|Any CPU
	EndGlobalSection
	GlobalSection(SolutionProperties) = preSolution
		HideSolutionNode = FALSE
	EndGlobalSection
	GlobalSection(ExtensibilityGlobals) = postSolution
		SolutionGuid = {24CC53C5-C8B7-4172-8B29-F46CBCF5BE7C}
	EndGlobalSection
EndGlobal
